
Microsoft Visual Studio Solution File, Format Version 12.00
# Visual Studio 15
VisualStudioVersion = 15.0.28307.136
MinimumVisualStudioVersion = 10.0.40219.1
Project("{FAE04EC0-301F-11D3-BF4B-00C04F79EFBC}") = "DNS Polygraph", "DNS Polygraph\DNS Polygraph.csproj", "{F7C9C920-7EBF-4501-B7CD-72116C04B4F9}"
EndProject
Global
	GlobalSection(SolutionConfigurationPlatforms) = preSolution
		Debug|Any CPU = Debug|Any CPU
		Release|Any CPU = Release|Any CPU
	EndGlobalSection
	GlobalSection(ProjectConfigurationPlatforms) = postSolution
		{F7C9C920-7EBF-4501-B7CD-72116C04B4F9}.Debug|Any CPU.ActiveCfg = Debug|Any CPU
		{F7C9C920-7EBF-4501-B7CD-72116C04B4F9}.Debug|Any CPU.Build.0 = Debug|Any CPU
		{F7C9C920-7EBF-4501-B7CD-72116C04B4F9}.Release|Any CPU.ActiveCfg = Release|Any CPU
		{F7C9C920-7EBF-4501-B7CD-72116C04B4F9}.Release|Any CPU.Build.0 = Release|Any CPU
	EndGlobalSection
	GlobalSection(SolutionProperties) = preSolution
		HideSolutionNode = FALSE
	EndGlobalSection
	GlobalSection(ExtensibilityGlobals) = postSolution
		SolutionGuid = {603B0202-CD97-4A89-83C9-7C6636DF4E18}
	EndGlobalSection
EndGlobal
